// !$*UTF8*$!
{
	archiveVersion = 1;
	classes = {
	};
	objectVersion = 56;
	objects = {

/* Begin PBXBuildFile section */
		462A96FB2A7A10280001DD96 /* LeaderListApp.swift in Sources */ = {isa = PBXBuildFile; fileRef = 462A96FA2A7A10280001DD96 /* LeaderListApp.swift */; };
		462A96FD2A7A10280001DD96 /* ContentView.swift in Sources */ = {isa = PBXBuildFile; fileRef = 462A96FC2A7A10280001DD96 /* ContentView.swift */; };
		462A96FF2A7A102A0001DD96 /* Assets.xcassets in Resources */ = {isa = PBXBuildFile; fileRef = 462A96FE2A7A102A0001DD96 /* Assets.xcassets */; };
		462A97022A7A102A0001DD96 /* Preview Assets.xcassets in Resources */ = {isa = PBXBuildFile; fileRef = 462A97012A7A102A0001DD96 /* Preview Assets.xcassets */; };
		46464C2F2A7CAA73000BBBFD /* CircleLayerView.swift in Sources */ = {isa = PBXBuildFile; fileRef = 46464C2E2A7CAA73000BBBFD /* CircleLayerView.swift */; };
		464699362A7E03B500F45E55 /* StudentInfo.swift in Sources */ = {isa = PBXBuildFile; fileRef = 464699352A7E03B500F45E55 /* StudentInfo.swift */; };
		469485782A7B9440003E0FDF /* LeaderRow.swift in Sources */ = {isa = PBXBuildFile; fileRef = 469485772A7B9440003E0FDF /* LeaderRow.swift */; };
		4694857A2A7B957A003E0FDF /* LeaderList.swift in Sources */ = {isa = PBXBuildFile; fileRef = 469485792A7B957A003E0FDF /* LeaderList.swift */; };
		4694857C2A7BAF29003E0FDF /* MapView.swift in Sources */ = {isa = PBXBuildFile; fileRef = 4694857B2A7BAF29003E0FDF /* MapView.swift */; };
		46BA384A2A7CF0B1009229C1 /* SearchBar.swift in Sources */ = {isa = PBXBuildFile; fileRef = 46BA38492A7CF0B1009229C1 /* SearchBar.swift */; };
		46E6CA282A7CA6CB00F4D2B2 /* WelcomeView.swift in Sources */ = {isa = PBXBuildFile; fileRef = 46E6CA272A7CA6CB00F4D2B2 /* WelcomeView.swift */; };
		46E6CA2B2A7CA73000F4D2B2 /* GreetingView.swift in Sources */ = {isa = PBXBuildFile; fileRef = 46E6CA2A2A7CA73000F4D2B2 /* GreetingView.swift */; };
		A3545D2A2A7A2FE900E11392 /* CircleImage.swift in Sources */ = {isa = PBXBuildFile; fileRef = A3545D292A7A2FE900E11392 /* CircleImage.swift */; };
		A3545D2C2A7A325F00E11392 /* InfoView.swift in Sources */ = {isa = PBXBuildFile; fileRef = A3545D2B2A7A325F00E11392 /* InfoView.swift */; };
		A3545D2E2A7A364700E11392 /* LeaderCard.swift in Sources */ = {isa = PBXBuildFile; fileRef = A3545D2D2A7A364700E11392 /* LeaderCard.swift */; };
		A3545D312A7A3BAA00E11392 /* Leader.swift in Sources */ = {isa = PBXBuildFile; fileRef = A3545D302A7A3BAA00E11392 /* Leader.swift */; };
		A38903752A7B690A0046C2BA /* ModelData.swift in Sources */ = {isa = PBXBuildFile; fileRef = A38903742A7B690A0046C2BA /* ModelData.swift */; };
/* End PBXBuildFile section */

/* Begin PBXFileReference section */
		462A96F72A7A10280001DD96 /* LeaderList.app */ = {isa = PBXFileReference; explicitFileType = wrapper.application; includeInIndex = 0; path = LeaderList.app; sourceTree = BUILT_PRODUCTS_DIR; };
		462A96FA2A7A10280001DD96 /* LeaderListApp.swift */ = {isa = PBXFileReference; lastKnownFileType = sourcecode.swift; path = LeaderListApp.swift; sourceTree = "<group>"; };
		462A96FC2A7A10280001DD96 /* ContentView.swift */ = {isa = PBXFileReference; lastKnownFileType = sourcecode.swift; path = ContentView.swift; sourceTree = "<group>"; };
		462A96FE2A7A102A0001DD96 /* Assets.xcassets */ = {isa = PBXFileReference; lastKnownFileType = folder.assetcatalog; path = Assets.xcassets; sourceTree = "<group>"; };
		462A97012A7A102A0001DD96 /* Preview Assets.xcassets */ = {isa = PBXFileReference; lastKnownFileType = folder.assetcatalog; path = "Preview Assets.xcassets"; sourceTree = "<group>"; };
		46464C2E2A7CAA73000BBBFD /* CircleLayerView.swift */ = {isa = PBXFileReference; lastKnownFileType = sourcecode.swift; path = CircleLayerView.swift; sourceTree = "<group>"; };
		464699352A7E03B500F45E55 /* StudentInfo.swift */ = {isa = PBXFileReference; lastKnownFileType = sourcecode.swift; path = StudentInfo.swift; sourceTree = "<group>"; };
		469485772A7B9440003E0FDF /* LeaderRow.swift */ = {isa = PBXFileReference; lastKnownFileType = sourcecode.swift; path = LeaderRow.swift; sourceTree = "<group>"; };
		469485792A7B957A003E0FDF /* LeaderList.swift */ = {isa = PBXFileReference; lastKnownFileType = sourcecode.swift; path = LeaderList.swift; sourceTree = "<group>"; };
		4694857B2A7BAF29003E0FDF /* MapView.swift */ = {isa = PBXFileReference; lastKnownFileType = sourcecode.swift; path = MapView.swift; sourceTree = "<group>"; };
		46BA38492A7CF0B1009229C1 /* SearchBar.swift */ = {isa = PBXFileReference; lastKnownFileType = sourcecode.swift; path = SearchBar.swift; sourceTree = "<group>"; };
		46E6CA272A7CA6CB00F4D2B2 /* WelcomeView.swift */ = {isa = PBXFileReference; lastKnownFileType = sourcecode.swift; path = WelcomeView.swift; sourceTree = "<group>"; };
		46E6CA2A2A7CA73000F4D2B2 /* GreetingView.swift */ = {isa = PBXFileReference; lastKnownFileType = sourcecode.swift; path = GreetingView.swift; sourceTree = "<group>"; };
		A3545D292A7A2FE900E11392 /* CircleImage.swift */ = {isa = PBXFileReference; lastKnownFileType = sourcecode.swift; path = CircleImage.swift; sourceTree = "<group>"; };
		A3545D2B2A7A325F00E11392 /* InfoView.swift */ = {isa = PBXFileReference; lastKnownFileType = sourcecode.swift; path = InfoView.swift; sourceTree = "<group>"; };
		A3545D2D2A7A364700E11392 /* LeaderCard.swift */ = {isa = PBXFileReference; lastKnownFileType = sourcecode.swift; path = LeaderCard.swift; sourceTree = "<group>"; };
		A3545D302A7A3BAA00E11392 /* Leader.swift */ = {isa = PBXFileReference; lastKnownFileType = sourcecode.swift; path = Leader.swift; sourceTree = "<group>"; };
		A38903742A7B690A0046C2BA /* ModelData.swift */ = {isa = PBXFileReference; lastKnownFileType = sourcecode.swift; path = ModelData.swift; sourceTree = "<group>"; };
/* End PBXFileReference section */

/* Begin PBXFrameworksBuildPhase section */
		462A96F42A7A10280001DD96 /* Frameworks */ = {
			isa = PBXFrameworksBuildPhase;
			buildActionMask = 2147483647;
			files = (
			);
			runOnlyForDeploymentPostprocessing = 0;
		};
/* End PBXFrameworksBuildPhase section */

/* Begin PBXGroup section */
		462A96EE2A7A10280001DD96 = {
			isa = PBXGroup;
			children = (
				462A96F92A7A10280001DD96 /* LeaderList */,
				462A96F82A7A10280001DD96 /* Products */,
			);
			sourceTree = "<group>";
		};
		462A96F82A7A10280001DD96 /* Products */ = {
			isa = PBXGroup;
			children = (
				462A96F72A7A10280001DD96 /* LeaderList.app */,
			);
			name = Products;
			sourceTree = "<group>";
		};
		462A96F92A7A10280001DD96 /* LeaderList */ = {
			isa = PBXGroup;
			children = (
				462A96FA2A7A10280001DD96 /* LeaderListApp.swift */,
				A38903732A7B650D0046C2BA /* Model */,
				A3545D2F2A7A3B7000E11392 /* Views */,
				462A96FE2A7A102A0001DD96 /* Assets.xcassets */,
				462A97002A7A102A0001DD96 /* Preview Content */,
			);
			path = LeaderList;
			sourceTree = "<group>";
		};
		462A97002A7A102A0001DD96 /* Preview Content */ = {
			isa = PBXGroup;
			children = (
				462A97012A7A102A0001DD96 /* Preview Assets.xcassets */,
			);
			path = "Preview Content";
			sourceTree = "<group>";
		};
		46E6CA292A7CA6D000F4D2B2 /* Welcome */ = {
			isa = PBXGroup;
			children = (
				46E6CA272A7CA6CB00F4D2B2 /* WelcomeView.swift */,
				46E6CA2A2A7CA73000F4D2B2 /* GreetingView.swift */,
				46464C2E2A7CAA73000BBBFD /* CircleLayerView.swift */,
				464699352A7E03B500F45E55 /* StudentInfo.swift */,
			);
			path = Welcome;
			sourceTree = "<group>";
		};
		A3545D2F2A7A3B7000E11392 /* Views */ = {
			isa = PBXGroup;
			children = (
				462A96FC2A7A10280001DD96 /* ContentView.swift */,
				A3545D292A7A2FE900E11392 /* CircleImage.swift */,
				A3545D2D2A7A364700E11392 /* LeaderCard.swift */,
				A3545D2B2A7A325F00E11392 /* InfoView.swift */,
				469485772A7B9440003E0FDF /* LeaderRow.swift */,
				469485792A7B957A003E0FDF /* LeaderList.swift */,
				4694857B2A7BAF29003E0FDF /* MapView.swift */,
				46BA38492A7CF0B1009229C1 /* SearchBar.swift */,
				46E6CA292A7CA6D000F4D2B2 /* Welcome */,
			);
			path = Views;
			sourceTree = "<group>";
		};
		A38903732A7B650D0046C2BA /* Model */ = {
			isa = PBXGroup;
			children = (
				A3545D302A7A3BAA00E11392 /* Leader.swift */,
				A38903742A7B690A0046C2BA /* ModelData.swift */,
			);
			path = Model;
			sourceTree = "<group>";
		};
/* End PBXGroup section */

/* Begin PBXNativeTarget section */
		462A96F62A7A10280001DD96 /* LeaderList */ = {
			isa = PBXNativeTarget;
			buildConfigurationList = 462A97052A7A102A0001DD96 /* Build configuration list for PBXNativeTarget "LeaderList" */;
			buildPhases = (
				462A96F32A7A10280001DD96 /* Sources */,
				462A96F42A7A10280001DD96 /* Frameworks */,
				462A96F52A7A10280001DD96 /* Resources */,
			);
			buildRules = (
			);
			dependencies = (
			);
			name = LeaderList;
			productName = LeaderList;
			productReference = 462A96F72A7A10280001DD96 /* LeaderList.app */;
			productType = "com.apple.product-type.application";
		};
/* End PBXNativeTarget section */

/* Begin PBXProject section */
		462A96EF2A7A10280001DD96 /* Project object */ = {
			isa = PBXProject;
			attributes = {
				BuildIndependentTargetsInParallel = 1;
				LastSwiftUpdateCheck = 1430;
				LastUpgradeCheck = 1430;
				TargetAttributes = {
					462A96F62A7A10280001DD96 = {
						CreatedOnToolsVersion = 14.3.1;
					};
				};
			};
			buildConfigurationList = 462A96F22A7A10280001DD96 /* Build configuration list for PBXProject "LeaderList" */;
			compatibilityVersion = "Xcode 14.0";
			developmentRegion = en;
			hasScannedForEncodings = 0;
			knownRegions = (
				en,
				Base,
			);
			mainGroup = 462A96EE2A7A10280001DD96;
			productRefGroup = 462A96F82A7A10280001DD96 /* Products */;
			projectDirPath = "";
			projectRoot = "";
			targets = (
				462A96F62A7A10280001DD96 /* LeaderList */,
			);
		};
/* End PBXProject section */

/* Begin PBXResourcesBuildPhase section */
		462A96F52A7A10280001DD96 /* Resources */ = {
			isa = PBXResourcesBuildPhase;
			buildActionMask = 2147483647;
			files = (
				462A97022A7A102A0001DD96 /* Preview Assets.xcassets in Resources */,
				462A96FF2A7A102A0001DD96 /* Assets.xcassets in Resources */,
			);
			runOnlyForDeploymentPostprocessing = 0;
		};
/* End PBXResourcesBuildPhase section */

/* Begin PBXSourcesBuildPhase section */
		462A96F32A7A10280001DD96 /* Sources */ = {
			isa = PBXSourcesBuildPhase;
			buildActionMask = 2147483647;
			files = (
				A3545D2C2A7A325F00E11392 /* InfoView.swift in Sources */,
				46E6CA2B2A7CA73000F4D2B2 /* GreetingView.swift in Sources */,
				A3545D2E2A7A364700E11392 /* LeaderCard.swift in Sources */,
				A3545D312A7A3BAA00E11392 /* Leader.swift in Sources */,
				462A96FD2A7A10280001DD96 /* ContentView.swift in Sources */,
				462A96FB2A7A10280001DD96 /* LeaderListApp.swift in Sources */,
				464699362A7E03B500F45E55 /* StudentInfo.swift in Sources */,
				A3545D2A2A7A2FE900E11392 /* CircleImage.swift in Sources */,
				46BA384A2A7CF0B1009229C1 /* SearchBar.swift in Sources */,
				46464C2F2A7CAA73000BBBFD /* CircleLayerView.swift in Sources */,
				46E6CA282A7CA6CB00F4D2B2 /* WelcomeView.swift in Sources */,
				A38903752A7B690A0046C2BA /* ModelData.swift in Sources */,
				4694857C2A7BAF29003E0FDF /* MapView.swift in Sources */,
				469485782A7B9440003E0FDF /* LeaderRow.swift in Sources */,
				4694857A2A7B957A003E0FDF /* LeaderList.swift in Sources */,
			);
			runOnlyForDeploymentPostprocessing = 0;
		};
/* End PBXSourcesBuildPhase section */

/* Begin XCBuildConfiguration section */
		462A97032A7A102A0001DD96 /* Debug */ = {
			isa = XCBuildConfiguration;
			buildSettings = {
				ALWAYS_SEARCH_USER_PATHS = NO;
				CLANG_ANALYZER_NONNULL = YES;
				CLANG_ANALYZER_NUMBER_OBJECT_CONVERSION = YES_AGGRESSIVE;
				CLANG_CXX_LANGUAGE_STANDARD = "gnu++20";
				CLANG_ENABLE_MODULES = YES;
				CLANG_ENABLE_OBJC_ARC = YES;
				CLANG_ENABLE_OBJC_WEAK = YES;
				CLANG_WARN_BLOCK_CAPTURE_AUTORELEASING = YES;
				CLANG_WARN_BOOL_CONVERSION = YES;
				CLANG_WARN_COMMA = YES;
				CLANG_WARN_CONSTANT_CONVERSION = YES;
				CLANG_WARN_DEPRECATED_OBJC_IMPLEMENTATIONS = YES;
				CLANG_WARN_DIRECT_OBJC_ISA_USAGE = YES_ERROR;
				CLANG_WARN_DOCUMENTATION_COMMENTS = YES;
				CLANG_WARN_EMPTY_BODY = YES;
				CLANG_WARN_ENUM_CONVERSION = YES;
				CLANG_WARN_INFINITE_RECURSION = YES;
				CLANG_WARN_INT_CONVERSION = YES;
				CLANG_WARN_NON_LITERAL_NULL_CONVERSION = YES;
				CLANG_WARN_OBJC_IMPLICIT_RETAIN_SELF = YES;
				CLANG_WARN_OBJC_LITERAL_CONVERSION = YES;
				CLANG_WARN_OBJC_ROOT_CLASS = YES_ERROR;
				CLANG_WARN_QUOTED_INCLUDE_IN_FRAMEWORK_HEADER = YES;
				CLANG_WARN_RANGE_LOOP_ANALYSIS = YES;
				CLANG_WARN_STRICT_PROTOTYPES = YES;
				CLANG_WARN_SUSPICIOUS_MOVE = YES;
				CLANG_WARN_UNGUARDED_AVAILABILITY = YES_AGGRESSIVE;
				CLANG_WARN_UNREACHABLE_CODE = YES;
				CLANG_WARN__DUPLICATE_METHOD_MATCH = YES;
				COPY_PHASE_STRIP = NO;
				DEBUG_INFORMATION_FORMAT = dwarf;
				ENABLE_STRICT_OBJC_MSGSEND = YES;
				ENABLE_TESTABILITY = YES;
				GCC_C_LANGUAGE_STANDARD = gnu11;
				GCC_DYNAMIC_NO_PIC = NO;
				GCC_NO_COMMON_BLOCKS = YES;
				GCC_OPTIMIZATION_LEVEL = 0;
				GCC_PREPROCESSOR_DEFINITIONS = (
					"DEBUG=1",
					"$(inherited)",
				);
				GCC_WARN_64_TO_32_BIT_CONVERSION = YES;
				GCC_WARN_ABOUT_RETURN_TYPE = YES_ERROR;
				GCC_WARN_UNDECLARED_SELECTOR = YES;
				GCC_WARN_UNINITIALIZED_AUTOS = YES_AGGRESSIVE;
				GCC_WARN_UNUSED_FUNCTION = YES;
				GCC_WARN_UNUSED_VARIABLE = YES;
				IPHONEOS_DEPLOYMENT_TARGET = 16.4;
				MTL_ENABLE_DEBUG_INFO = INCLUDE_SOURCE;
				MTL_FAST_MATH = YES;
				ONLY_ACTIVE_ARCH = YES;
				SDKROOT = iphoneos;
				SWIFT_ACTIVE_COMPILATION_CONDITIONS = DEBUG;
				SWIFT_OPTIMIZATION_LEVEL = "-Onone";
			};
			name = Debug;
		};
		462A97042A7A102A0001DD96 /* Release */ = {
			isa = XCBuildConfiguration;
			buildSettings = {
				ALWAYS_SEARCH_USER_PATHS = NO;
				CLANG_ANALYZER_NONNULL = YES;
				CLANG_ANALYZER_NUMBER_OBJECT_CONVERSION = YES_AGGRESSIVE;
				CLANG_CXX_LANGUAGE_STANDARD = "gnu++20";
				CLANG_ENABLE_MODULES = YES;
				CLANG_ENABLE_OBJC_ARC = YES;
				CLANG_ENABLE_OBJC_WEAK = YES;
				CLANG_WARN_BLOCK_CAPTURE_AUTORELEASING = YES;
				CLANG_WARN_BOOL_CONVERSION = YES;
				CLANG_WARN_COMMA = YES;
				CLANG_WARN_CONSTANT_CONVERSION = YES;
				CLANG_WARN_DEPRECATED_OBJC_IMPLEMENTATIONS = YES;
				CLANG_WARN_DIRECT_OBJC_ISA_USAGE = YES_ERROR;
				CLANG_WARN_DOCUMENTATION_COMMENTS = YES;
				CLANG_WARN_EMPTY_BODY = YES;
				CLANG_WARN_ENUM_CONVERSION = YES;
				CLANG_WARN_INFINITE_RECURSION = YES;
				CLANG_WARN_INT_CONVERSION = YES;
				CLANG_WARN_NON_LITERAL_NULL_CONVERSION = YES;
				CLANG_WARN_OBJC_IMPLICIT_RETAIN_SELF = YES;
				CLANG_WARN_OBJC_LITERAL_CONVERSION = YES;
				CLANG_WARN_OBJC_ROOT_CLASS = YES_ERROR;
				CLANG_WARN_QUOTED_INCLUDE_IN_FRAMEWORK_HEADER = YES;
				CLANG_WARN_RANGE_LOOP_ANALYSIS = YES;
				CLANG_WARN_STRICT_PROTOTYPES = YES;
				CLANG_WARN_SUSPICIOUS_MOVE = YES;
				CLANG_WARN_UNGUARDED_AVAILABILITY = YES_AGGRESSIVE;
				CLANG_WARN_UNREACHABLE_CODE = YES;
				CLANG_WARN__DUPLICATE_METHOD_MATCH = YES;
				COPY_PHASE_STRIP = NO;
				DEBUG_INFORMATION_FORMAT = "dwarf-with-dsym";
				ENABLE_NS_ASSERTIONS = NO;
				ENABLE_STRICT_OBJC_MSGSEND = YES;
				GCC_C_LANGUAGE_STANDARD = gnu11;
				GCC_NO_COMMON_BLOCKS = YES;
				GCC_WARN_64_TO_32_BIT_CONVERSION = YES;
				GCC_WARN_ABOUT_RETURN_TYPE = YES_ERROR;
				GCC_WARN_UNDECLARED_SELECTOR = YES;
				GCC_WARN_UNINITIALIZED_AUTOS = YES_AGGRESSIVE;
				GCC_WARN_UNUSED_FUNCTION = YES;
				GCC_WARN_UNUSED_VARIABLE = YES;
				IPHONEOS_DEPLOYMENT_TARGET = 16.4;
				MTL_ENABLE_DEBUG_INFO = NO;
				MTL_FAST_MATH = YES;
				SDKROOT = iphoneos;
				SWIFT_COMPILATION_MODE = wholemodule;
				SWIFT_OPTIMIZATION_LEVEL = "-O";
				VALIDATE_PRODUCT = YES;
			};
			name = Release;
		};
		462A97062A7A102A0001DD96 /* Debug */ = {
			isa = XCBuildConfiguration;
			buildSettings = {
				ASSETCATALOG_COMPILER_APPICON_NAME = AppIcon;
				ASSETCATALOG_COMPILER_GLOBAL_ACCENT_COLOR_NAME = AccentColor;
				CODE_SIGN_STYLE = Automatic;
				CURRENT_PROJECT_VERSION = 1;
				DEVELOPMENT_ASSET_PATHS = "\"LeaderList/Preview Content\"";
				ENABLE_PREVIEWS = YES;
				GENERATE_INFOPLIST_FILE = YES;
				INFOPLIST_KEY_UIApplicationSceneManifest_Generation = YES;
				INFOPLIST_KEY_UIApplicationSupportsIndirectInputEvents = YES;
				INFOPLIST_KEY_UILaunchScreen_Generation = YES;
				INFOPLIST_KEY_UISupportedInterfaceOrientations_iPad = "UIInterfaceOrientationPortrait UIInterfaceOrientationPortraitUpsideDown UIInterfaceOrientationLandscapeLeft UIInterfaceOrientationLandscapeRight";
				INFOPLIST_KEY_UISupportedInterfaceOrientations_iPhone = "UIInterfaceOrientationPortrait UIInterfaceOrientationLandscapeLeft UIInterfaceOrientationLandscapeRight";
				LD_RUNPATH_SEARCH_PATHS = (
					"$(inherited)",
					"@executable_path/Frameworks",
				);
				MARKETING_VERSION = 1.0;
				PRODUCT_BUNDLE_IDENTIFIER = vn.edu.rmit.LeaderList;
				PRODUCT_NAME = "$(TARGET_NAME)";
				SWIFT_EMIT_LOC_STRINGS = YES;
				SWIFT_VERSION = 5.0;
				TARGETED_DEVICE_FAMILY = "1,2";
			};
			name = Debug;
		};
		462A97072A7A102A0001DD96 /* Release */ = {
			isa = XCBuildConfiguration;
			buildSettings = {
				ASSETCATALOG_COMPILER_APPICON_NAME = AppIcon;
				ASSETCATALOG_COMPILER_GLOBAL_ACCENT_COLOR_NAME = AccentColor;
				CODE_SIGN_STYLE = Automatic;
				CURRENT_PROJECT_VERSION = 1;
				DEVELOPMENT_ASSET_PATHS = "\"LeaderList/Preview Content\"";
				ENABLE_PREVIEWS = YES;
				GENERATE_INFOPLIST_FILE = YES;
				INFOPLIST_KEY_UIApplicationSceneManifest_Generation = YES;
				INFOPLIST_KEY_UIApplicationSupportsIndirectInputEvents = YES;
				INFOPLIST_KEY_UILaunchScreen_Generation = YES;
				INFOPLIST_KEY_UISupportedInterfaceOrientations_iPad = "UIInterfaceOrientationPortrait UIInterfaceOrientationPortraitUpsideDown UIInterfaceOrientationLandscapeLeft UIInterfaceOrientationLandscapeRight";
				INFOPLIST_KEY_UISupportedInterfaceOrientations_iPhone = "UIInterfaceOrientationPortrait UIInterfaceOrientationLandscapeLeft UIInterfaceOrientationLandscapeRight";
				LD_RUNPATH_SEARCH_PATHS = (
					"$(inherited)",
					"@executable_path/Frameworks",
				);
				MARKETING_VERSION = 1.0;
				PRODUCT_BUNDLE_IDENTIFIER = vn.edu.rmit.LeaderList;
				PRODUCT_NAME = "$(TARGET_NAME)";
				SWIFT_EMIT_LOC_STRINGS = YES;
				SWIFT_VERSION = 5.0;
				TARGETED_DEVICE_FAMILY = "1,2";
			};
			name = Release;
		};
/* End XCBuildConfiguration section */

/* Begin XCConfigurationList section */
		462A96F22A7A10280001DD96 /* Build configuration list for PBXProject "LeaderList" */ = {
			isa = XCConfigurationList;
			buildConfigurations = (
				462A97032A7A102A0001DD96 /* Debug */,
				462A97042A7A102A0001DD96 /* Release */,
			);
			defaultConfigurationIsVisible = 0;
			defaultConfigurationName = Release;
		};
		462A97052A7A102A0001DD96 /* Build configuration list for PBXNativeTarget "LeaderList" */ = {
			isa = XCConfigurationList;
			buildConfigurations = (
				462A97062A7A102A0001DD96 /* Debug */,
				462A97072A7A102A0001DD96 /* Release */,
			);
			defaultConfigurationIsVisible = 0;
			defaultConfigurationName = Release;
		};
/* End XCConfigurationList section */
	};
	rootObject = 462A96EF2A7A10280001DD96 /* Project object */;
}
